
Microsoft Visual Studio Solution File, Format Version 12.00
# Visual Studio Version 17
VisualStudioVersion = 17.3.32819.101
MinimumVisualStudioVersion = 10.0.40219.1
Project("{9A19103F-16F7-4668-BE54-9A1E7A4F7556}") = "remindME", "remindME.csproj", "{6D6383C9-CBE3-4C49-A0E6-E53FD30FDBC8}"
EndProject
Project("{9A19103F-16F7-4668-BE54-9A1E7A4F7556}") = "remindME.Core", "..\remindME.Core\remindME.Core.csproj", "{41F7BF07-9B76-463D-9D42-14896AD0EABF}"
EndProject
Project("{9A19103F-16F7-4668-BE54-9A1E7A4F7556}") = "remindME.Service", "..\remindME.Service\remindME.Service.csproj", "{96938891-2CD4-4678-8516-3A40F1F137E9}"
EndProject
Global
	GlobalSection(SolutionConfigurationPlatforms) = preSolution
		Debug|Any CPU = Debug|Any CPU
		Release|Any CPU = Release|Any CPU
	EndGlobalSection
	GlobalSection(ProjectConfigurationPlatforms) = postSolution
		{6D6383C9-CBE3-4C49-A0E6-E53FD30FDBC8}.Debug|Any CPU.ActiveCfg = Debug|Any CPU
		{6D6383C9-CBE3-4C49-A0E6-E53FD30FDBC8}.Debug|Any CPU.Build.0 = Debug|Any CPU
		{6D6383C9-CBE3-4C49-A0E6-E53FD30FDBC8}.Release|Any CPU.ActiveCfg = Release|Any CPU
		{6D6383C9-CBE3-4C49-A0E6-E53FD30FDBC8}.Release|Any CPU.Build.0 = Release|Any CPU
		{41F7BF07-9B76-463D-9D42-14896AD0EABF}.Debug|Any CPU.ActiveCfg = Debug|Any CPU
		{41F7BF07-9B76-463D-9D42-14896AD0EABF}.Debug|Any CPU.Build.0 = Debug|Any CPU
		{41F7BF07-9B76-463D-9D42-14896AD0EABF}.Release|Any CPU.ActiveCfg = Release|Any CPU
		{41F7BF07-9B76-463D-9D42-14896AD0EABF}.Release|Any CPU.Build.0 = Release|Any CPU
		{96938891-2CD4-4678-8516-3A40F1F137E9}.Debug|Any CPU.ActiveCfg = Debug|Any CPU
		{96938891-2CD4-4678-8516-3A40F1F137E9}.Debug|Any CPU.Build.0 = Debug|Any CPU
		{96938891-2CD4-4678-8516-3A40F1F137E9}.Release|Any CPU.ActiveCfg = Release|Any CPU
		{96938891-2CD4-4678-8516-3A40F1F137E9}.Release|Any CPU.Build.0 = Release|Any CPU
	EndGlobalSection
	GlobalSection(SolutionProperties) = preSolution
		HideSolutionNode = FALSE
	EndGlobalSection
	GlobalSection(ExtensibilityGlobals) = postSolution
		SolutionGuid = {91F54E41-FAC5-4F9B-ADE8-72495AC6DAD7}
	EndGlobalSection
EndGlobal
